{
  "name": "pixijsplatformer",
  "version": "0.0.0",
  "lockfileVersion": 1,
  "requires": true,
  "dependencies": {
    "@types/mainloop.js": {
      "version": "1.0.5",
      "resolved": "https://registry.npmjs.org/@types/mainloop.js/-/mainloop.js-1.0.5.tgz",
      "integrity": "sha512-AYDlcqJYi90NCz/049HKTP7rB0yat+hDAE3QTepHsi4A+9dER8QD5L9v5+basUSNxGosit8H5eDxWE4M44yHpg=="
    },
    "@types/pixi.js": {
      "version": "4.8.6",
      "resolved": "https://registry.npmjs.org/@types/pixi.js/-/pixi.js-4.8.6.tgz",
      "integrity": "sha512-70PcmzoHG723nMLx7OzMM7xoH8EnJfVVQmh1WQgXGaXdU9ygq3VlsXLRt/g6Z124abKDvmzg3hfRpA8CvBp2eA=="
    },
    "monaco-editor": {
      "version": "0.16.2",
      "resolved": "https://registry.npmjs.org/monaco-editor/-/monaco-editor-0.16.2.tgz",
      "integrity": "sha512-NtGrFzf54jADe7qsWh3lazhS7Kj0XHkJUGBq9fA/Jbwc+sgVcyfsYF6z2AQ7hPqDC+JmdOt/OwFjBnRwqXtx6w=="
    }
  }
}
